{
  "name": "scant-example-site",
  "version": "0.0.1",
  "lockfileVersion": 1,
  "requires": true,
  "dependencies": {
    "@polka/url": {
      "version": "0.5.0",
      "resolved": "https://registry.npmjs.org/@polka/url/-/url-0.5.0.tgz",
      "integrity": "sha512-oZLYFEAzUKyi3SKnXvj32ZCEGH6RDnao7COuCVhDydMS9NrCSVXhM79VaKyP5+Zc33m0QXEd2DN3UkU7OsHcfw=="
    },
    "console-clear": {
      "version": "1.1.1",
      "resolved": "https://registry.npmjs.org/console-clear/-/console-clear-1.1.1.tgz",
      "integrity": "sha512-pMD+MVR538ipqkG5JXeOEbKWS5um1H4LUUccUQG68qpeqBYbzYy79Gh55jkd2TtPdRfUaLWdv6LPP//5Zt0aPQ=="
    },
    "get-port": {
      "version": "3.2.0",
      "resolved": "https://registry.npmjs.org/get-port/-/get-port-3.2.0.tgz",
      "integrity": "sha1-3Xzn3hh8Bsi/NTeWrHHgmfCYDrw="
    },
    "kleur": {
      "version": "3.0.3",
      "resolved": "https://registry.npmjs.org/kleur/-/kleur-3.0.3.tgz",
      "integrity": "sha512-eTIzlVOSUR+JxdDFepEYcBMtZ9Qqdef+rnzWdRZuMbOywu5tO2w2N7rqjoANZ5k9vywhL6Br1VRjUIgTQx4E8w=="
    },
    "local-access": {
      "version": "1.0.1",
      "resolved": "https://registry.npmjs.org/local-access/-/local-access-1.0.1.tgz",
      "integrity": "sha512-ykt2pgN0aqIy6KQC1CqdWTWkmUwNgaOS6dcpHVjyBJONA+Xi7AtSB1vuxC/U/0tjIP3wcRudwQk1YYzUvzk2bA=="
    },
    "mime": {
      "version": "2.4.3",
      "resolved": "https://registry.npmjs.org/mime/-/mime-2.4.3.tgz",
      "integrity": "sha512-QgrPRJfE+riq5TPZMcHZOtm8c6K/yYrMbKIoRfapfiGLxS8OTeIfRhUGW5LU7MlRa52KOAGCfUNruqLrIBvWZw=="
    },
    "moment": {
      "version": "2.24.0",
      "resolved": "https://registry.npmjs.org/moment/-/moment-2.24.0.tgz",
      "integrity": "sha512-bV7f+6l2QigeBBZSM/6yTNq4P2fNpSWj/0e7jQcy87A8e7o2nAfP/34/2ky5Vw4B9S446EtIhodAzkFCcR4dQg=="
    },
    "mri": {
      "version": "1.1.4",
      "resolved": "https://registry.npmjs.org/mri/-/mri-1.1.4.tgz",
      "integrity": "sha512-6y7IjGPm8AzlvoUrwAaw1tLnUBudaS3752vcd8JtrpGGQn+rXIe63LFVHm/YMwtqAuh+LJPCFdlLYPWM1nYn6w=="
    },
    "route-recognizer": {
      "version": "0.3.4",
      "resolved": "https://registry.npmjs.org/route-recognizer/-/route-recognizer-0.3.4.tgz",
      "integrity": "sha512-2+MhsfPhvauN1O8KaXpXAOfR/fwe8dnUXVM+xw7yt40lJRfPVQxV6yryZm0cgRvAj5fMF/mdRZbL2ptwbs5i2g=="
    },
    "sade": {
      "version": "1.4.2",
      "resolved": "https://registry.npmjs.org/sade/-/sade-1.4.2.tgz",
      "integrity": "sha512-MTrQm+Nhl4m1mbssYDgAculC/HbShjj08QtHnA2GTpzivfU5aUp8EoHlECmrIHEaa8hZRZSp2Gygv8VMlpXEBw==",
      "requires": {
        "mri": "^1.1.0"
      }
    },
    "shimport": {
      "version": "1.0.0",
      "resolved": "https://registry.npmjs.org/shimport/-/shimport-1.0.0.tgz",
      "integrity": "sha512-XKd+39voZT1rFR1ct+pr8sFSYAW6IvM3LeF87FrgcGHc/uSZ4GfOZVA42LE5LXFOpTWgmDC5sS8DNDtiV4Vd4Q=="
    },
    "sirv": {
      "version": "0.4.2",
      "resolved": "https://registry.npmjs.org/sirv/-/sirv-0.4.2.tgz",
      "integrity": "sha512-dQbZnsMaIiTQPZmbGmktz+c74zt/hyrJEB4tdp2Jj0RNv9J6B/OWR5RyrZEvIn9fyh9Zlg2OlE2XzKz6wMKGAw==",
      "requires": {
        "@polka/url": "^0.5.0",
        "mime": "^2.3.1"
      }
    },
    "sirv-cli": {
      "version": "0.4.2",
      "resolved": "https://registry.npmjs.org/sirv-cli/-/sirv-cli-0.4.2.tgz",
      "integrity": "sha512-fw1NUFOuuH1uxmZlPaGAnT9ax8g2vug6QbRibxtbNf58UygerYmlqAIN+CVSLmd4kcr+mat/BlNSwAc+gNyrKg==",
      "requires": {
        "console-clear": "^1.1.0",
        "get-port": "^3.2.0",
        "kleur": "^3.0.0",
        "local-access": "^1.0.1",
        "sade": "^1.4.0",
        "sirv": "^0.4.2",
        "tinydate": "^1.0.0"
      }
    },
    "svelte": {
      "version": "3.4.1",
      "resolved": "https://registry.npmjs.org/svelte/-/svelte-3.4.1.tgz",
      "integrity": "sha512-Ak8/k8fOhz6BBzGVgxfb4YHCWRDzOw7VYuWcDBtBpH7RaCodFXIEpdnRQXc4j9j5bHAlnRn4KXURXVvdZplkBg=="
    },
    "svelte-routes": {
      "version": "0.0.4",
      "resolved": "https://registry.npmjs.org/svelte-routes/-/svelte-routes-0.0.4.tgz",
      "integrity": "sha512-Vx/YH9SFs7lWzPTAACpuFiCoQHfu2X/zBoutcWLLDMNCySfpLAW0dbUP508ouMfrX6Qk1fDJ1VdSRZb4vSgpng==",
      "requires": {
        "route-recognizer": "^0.3.4"
      }
    },
    "tinydate": {
      "version": "1.0.1",
      "resolved": "https://registry.npmjs.org/tinydate/-/tinydate-1.0.1.tgz",
      "integrity": "sha512-Imqa6iv3Ig5FmC3ESwmqczusIn1h8D5RqNbpatGc1eLHeoytuhodbsAPpSJ8iKiLhxBtLuRsrywWHlJM1bA3Rg=="
    }
  }
}
